#MicroXplorer Configuration settings - do not modify
ADC1.Channel-0\#ChannelRegularConversion=ADC_CHANNEL_0
ADC1.IPParameters=Rank-0\#ChannelRegularConversion,Channel-0\#ChannelRegularConversion,SamplingTime-0\#ChannelRegularConversion,NbrOfConversionFlag,master
ADC1.NbrOfConversionFlag=1
ADC1.Rank-0\#ChannelRegularConversion=1
ADC1.SamplingTime-0\#ChannelRegularConversion=ADC_SAMPLETIME_3CYCLES
ADC1.master=1
ADC2.Channel-6\#ChannelRegularConversion=ADC_CHANNEL_5
ADC2.IPParameters=Rank-6\#ChannelRegularConversion,Channel-6\#ChannelRegularConversion,SamplingTime-6\#ChannelRegularConversion,NbrOfConversionFlag
ADC2.NbrOfConversionFlag=1
ADC2.Rank-6\#ChannelRegularConversion=1
ADC2.SamplingTime-6\#ChannelRegularConversion=ADC_SAMPLETIME_3CYCLES
ADC3.Channel-0\#ChannelRegularConversion=ADC_CHANNEL_13
ADC3.IPParameters=Rank-0\#ChannelRegularConversion,Channel-0\#ChannelRegularConversion,SamplingTime-0\#ChannelRegularConversion,NbrOfConversionFlag
ADC3.NbrOfConversionFlag=1
ADC3.Rank-0\#ChannelRegularConversion=1
ADC3.SamplingTime-0\#ChannelRegularConversion=ADC_SAMPLETIME_3CYCLES
Dma.Request0=USART1_TX
Dma.RequestsNb=1
Dma.USART1_TX.0.Direction=DMA_MEMORY_TO_PERIPH
Dma.USART1_TX.0.FIFOMode=DMA_FIFOMODE_DISABLE
Dma.USART1_TX.0.Instance=DMA2_Stream7
Dma.USART1_TX.0.MemDataAlignment=DMA_MDATAALIGN_BYTE
Dma.USART1_TX.0.MemInc=DMA_MINC_ENABLE
Dma.USART1_TX.0.Mode=DMA_NORMAL
Dma.USART1_TX.0.PeriphDataAlignment=DMA_PDATAALIGN_BYTE
Dma.USART1_TX.0.PeriphInc=DMA_PINC_DISABLE
Dma.USART1_TX.0.Priority=DMA_PRIORITY_LOW
Dma.USART1_TX.0.RequestParameters=Instance,Direction,PeriphInc,MemInc,PeriphDataAlignment,MemDataAlignment,Mode,Priority,FIFOMode
File.Version=6
I2C1.IPParameters=Timing
I2C1.Timing=0x20404768
I2C2.IPParameters=Timing
I2C2.Timing=0x20404768
KeepUserPlacement=false
Mcu.Family=STM32F7
Mcu.IP0=ADC1
Mcu.IP1=ADC2
Mcu.IP10=RCC
Mcu.IP11=RTC
Mcu.IP12=SPI3
Mcu.IP13=SYS
Mcu.IP14=TIM6
Mcu.IP15=USART1
Mcu.IP16=USB_DEVICE
Mcu.IP17=USB_OTG_FS
Mcu.IP2=ADC3
Mcu.IP3=CORTEX_M7
Mcu.IP4=CRC
Mcu.IP5=DMA
Mcu.IP6=I2C1
Mcu.IP7=I2C2
Mcu.IP8=NVIC
Mcu.IP9=QUADSPI
Mcu.IPNb=18
Mcu.Name=STM32F730R8Tx
Mcu.Package=LQFP64
Mcu.Pin0=PC13
Mcu.Pin1=PC14-OSC32_IN
Mcu.Pin10=PA1
Mcu.Pin11=PA2
Mcu.Pin12=PA3
Mcu.Pin13=PA4
Mcu.Pin14=PA5
Mcu.Pin15=PA6
Mcu.Pin16=PA7
Mcu.Pin17=PC4
Mcu.Pin18=PB0
Mcu.Pin19=PB1
Mcu.Pin2=PC15-OSC32_OUT
Mcu.Pin20=PB2
Mcu.Pin21=PB10
Mcu.Pin22=PB11
Mcu.Pin23=PB12
Mcu.Pin24=PB13
Mcu.Pin25=PC6
Mcu.Pin26=PC7
Mcu.Pin27=PC8
Mcu.Pin28=PC9
Mcu.Pin29=PA8
Mcu.Pin3=PH0-OSC_IN
Mcu.Pin30=PA9
Mcu.Pin31=PA10
Mcu.Pin32=PA11
Mcu.Pin33=PA12
Mcu.Pin34=PA13
Mcu.Pin35=PA14
Mcu.Pin36=PA15
Mcu.Pin37=PC10
Mcu.Pin38=PC11
Mcu.Pin39=PC12
Mcu.Pin4=PH1-OSC_OUT
Mcu.Pin40=PD2
Mcu.Pin41=PB3
Mcu.Pin42=PB4
Mcu.Pin43=PB5
Mcu.Pin44=PB6
Mcu.Pin45=PB7
Mcu.Pin46=PB8
Mcu.Pin47=PB9
Mcu.Pin48=VP_CRC_VS_CRC
Mcu.Pin49=VP_RTC_VS_RTC_Activate
Mcu.Pin5=PC0
Mcu.Pin50=VP_RTC_VS_RTC_Calendar
Mcu.Pin51=VP_SYS_VS_Systick
Mcu.Pin52=VP_TIM6_VS_ClockSourceINT
Mcu.Pin53=VP_USB_DEVICE_VS_USB_DEVICE_CDC_FS
Mcu.Pin6=PC1
Mcu.Pin7=PC2
Mcu.Pin8=PC3
Mcu.Pin9=PA0-WKUP
Mcu.PinsNb=54
Mcu.ThirdPartyNb=0
Mcu.UserConstants=
Mcu.UserName=STM32F730R8Tx
MxCube.Version=5.0.1
MxDb.Version=DB.5.0.1
NVIC.BusFault_IRQn=true\:0\:0\:false\:false\:true\:false
NVIC.DMA2_Stream7_IRQn=true\:1\:0\:true\:false\:true\:false
NVIC.DebugMonitor_IRQn=true\:0\:0\:false\:false\:true\:false
NVIC.HardFault_IRQn=true\:0\:0\:false\:false\:true\:false
NVIC.MemoryManagement_IRQn=true\:0\:0\:false\:false\:true\:false
NVIC.NonMaskableInt_IRQn=true\:0\:0\:false\:false\:true\:false
NVIC.OTG_FS_IRQn=true\:1\:0\:true\:false\:true\:false
NVIC.PendSV_IRQn=true\:0\:0\:false\:false\:true\:false
NVIC.PriorityGroup=NVIC_PRIORITYGROUP_4
NVIC.SVCall_IRQn=true\:0\:0\:false\:false\:true\:false
NVIC.SysTick_IRQn=true\:0\:0\:false\:false\:true\:false
NVIC.TIM6_DAC_IRQn=true\:1\:0\:true\:false\:true\:true
NVIC.USART1_IRQn=true\:1\:0\:true\:false\:true\:true
NVIC.UsageFault_IRQn=true\:0\:0\:false\:false\:true\:false
PA0-WKUP.Signal=ADCx_IN0
PA1.Signal=ADCx_IN1
PA10.Mode=Asynchronous
PA10.Signal=USART1_RX
PA11.Mode=Device_Only
PA11.Signal=USB_OTG_FS_DM
PA12.Mode=Device_Only
PA12.Signal=USB_OTG_FS_DP
PA13.Locked=true
PA13.Mode=Serial_Wire
PA13.Signal=SYS_JTMS-SWDIO
PA14.Locked=true
PA14.Mode=Serial_Wire
PA14.Signal=SYS_JTCK-SWCLK
PA15.Mode=NSS_Signal_Hard_Input
PA15.Signal=SPI3_NSS
PA2.Signal=ADCx_IN2
PA3.Signal=ADCx_IN3
PA4.Signal=ADCx_IN4
PA5.Signal=ADCx_IN5
PA6.Signal=ADCx_IN6
PA7.Signal=ADCx_IN7
PA8.Mode=Clock-out-1
PA8.Signal=RCC_MCO_1
PA9.Mode=Asynchronous
PA9.Signal=USART1_TX
PB0.Signal=ADCx_IN8
PB1.Signal=ADCx_IN9
PB10.Mode=I2C
PB10.Signal=I2C2_SCL
PB11.Mode=I2C
PB11.Signal=I2C2_SDA
PB12.GPIOParameters=GPIO_Label
PB12.GPIO_Label=MODE_LED
PB12.Locked=true
PB12.Signal=GPIO_Output
PB13.GPIOParameters=GPIO_Label
PB13.GPIO_Label=STATUS_LED
PB13.Locked=true
PB13.Signal=GPIO_Output
PB2.Mode=Single Bank 1 2IOs
PB2.Signal=QUADSPI_CLK
PB3.Mode=Full_Duplex_Slave
PB3.Signal=SPI3_SCK
PB4.Locked=true
PB4.Mode=Full_Duplex_Slave
PB4.Signal=SPI3_MISO
PB5.Locked=true
PB5.Mode=Full_Duplex_Slave
PB5.Signal=SPI3_MOSI
PB6.Mode=Single Bank 1 2IOs
PB6.Signal=QUADSPI_BK1_NCS
PB7.GPIOParameters=GPIO_Label
PB7.GPIO_Label=MODE_BOOT
PB7.Locked=true
PB7.Signal=GPIO_Input
PB8.Mode=I2C
PB8.Signal=I2C1_SCL
PB9.Locked=true
PB9.Mode=I2C
PB9.Signal=I2C1_SDA
PC0.Signal=ADCx_IN10
PC1.Signal=ADCx_IN11
PC10.Mode=Single Bank 1 2IOs
PC10.Signal=QUADSPI_BK1_IO1
PC11.GPIOParameters=GPIO_Label,GPIO_ModeDefaultOutputPP
PC11.GPIO_Label=ICE40_HOLD
PC11.GPIO_ModeDefaultOutputPP=GPIO_MODE_OUTPUT_OD
PC11.Locked=true
PC11.Signal=GPIO_Output
PC12.GPIOParameters=GPIO_Label,GPIO_ModeDefaultOutputPP
PC12.GPIO_Label=ICE40_WP
PC12.GPIO_ModeDefaultOutputPP=GPIO_MODE_OUTPUT_OD
PC12.Locked=true
PC12.Signal=GPIO_Output
PC13.GPIOParameters=GPIO_Label
PC13.GPIO_Label=ICE40_CRST
PC13.Locked=true
PC13.Signal=GPIO_Output
PC14-OSC32_IN.Mode=LSE-External-Oscillator
PC14-OSC32_IN.Signal=RCC_OSC32_IN
PC15-OSC32_OUT.Mode=LSE-External-Oscillator
PC15-OSC32_OUT.Signal=RCC_OSC32_OUT
PC2.Signal=ADCx_IN12
PC3.Signal=ADCx_IN13
PC4.Signal=ADCx_IN14
PC6.GPIOParameters=GPIO_PuPd,GPIO_Label
PC6.GPIO_Label=HDMI_HPD
PC6.GPIO_PuPd=GPIO_PULLDOWN
PC6.Locked=true
PC6.Signal=GPIO_Input
PC7.GPIOParameters=GPIO_Label
PC7.GPIO_Label=HDMI_CEC
PC7.Locked=true
PC7.Signal=GPIO_Output
PC8.GPIOParameters=GPIO_Label,GPIO_ModeDefaultEXTI
PC8.GPIO_Label=ICE40_CDONE
PC8.GPIO_ModeDefaultEXTI=GPIO_MODE_IT_RISING_FALLING
PC8.Locked=true
PC8.Signal=GPXTI8
PC9.Mode=Single Bank 1 2IOs
PC9.Signal=QUADSPI_BK1_IO0
PCC.Checker=false
PCC.Line=STM32F7x0 Value line
PCC.MCU=STM32F730R8Tx
PCC.PartNumber=STM32F730R8Tx
PCC.Seq0=0
PCC.Series=STM32F7
PCC.Temperature=25
PCC.Vdd=3.3
PD2.GPIOParameters=GPIO_Label,GPIO_ModeDefaultOutputPP
PD2.GPIO_Label=ICE40_SPI_CS
PD2.GPIO_ModeDefaultOutputPP=GPIO_MODE_OUTPUT_OD
PD2.Locked=true
PD2.Signal=GPIO_Output
PH0-OSC_IN.Mode=HSE-External-Oscillator
PH0-OSC_IN.Signal=RCC_OSC_IN
PH1-OSC_OUT.Mode=HSE-External-Oscillator
PH1-OSC_OUT.Signal=RCC_OSC_OUT
PinOutPanel.RotationAngle=0
ProjectManager.AskForMigrate=true
ProjectManager.BackupPrevious=false
ProjectManager.CompilerOptimize=6
ProjectManager.ComputerToolchain=false
ProjectManager.CoupleFile=false
ProjectManager.CustomerFirmwarePackage=
ProjectManager.DefaultFWLocation=true
ProjectManager.DeletePrevious=true
ProjectManager.DeviceId=STM32F730R8Tx
ProjectManager.FirmwarePackage=STM32Cube FW_F7 V1.14.0
ProjectManager.FreePins=false
ProjectManager.HalAssertFull=false
ProjectManager.HeapSize=0x000
ProjectManager.KeepUserCode=true
ProjectManager.LastFirmware=true
ProjectManager.LibraryCopy=1
ProjectManager.MainLocation=Src
ProjectManager.NoMain=false
ProjectManager.PreviousToolchain=
ProjectManager.ProjectBuild=false
ProjectManager.ProjectFileName=IceCore.ioc
ProjectManager.ProjectName=IceCore
ProjectManager.StackSize=0x400
ProjectManager.TargetToolchain=Makefile
ProjectManager.ToolChainLocation=
ProjectManager.UnderRoot=false
ProjectManager.functionlistsort=1-MX_GPIO_Init-GPIO-false-HAL-true,2-MX_DMA_Init-DMA-false-HAL-true,3-SystemClock_Config-RCC-false-HAL-false,4-MX_CORTEX_M7_Init-CORTEX_M7-false-HAL-true,5-MX_CRC_Init-CRC-false-HAL-true,6-MX_I2C1_Init-I2C1-false-HAL-true,7-MX_ADC1_Init-ADC1-false-HAL-true,8-MX_ADC2_Init-ADC2-false-HAL-true,9-MX_ADC3_Init-ADC3-false-HAL-true,10-MX_SPI3_Init-SPI3-false-HAL-true,11-MX_USART1_UART_Init-USART1-false-HAL-true,12-MX_I2C2_Init-I2C2-false-HAL-true,13-MX_USB_DEVICE_Init-USB_DEVICE-false-HAL-true,14-MX_RTC_Init-RTC-false-HAL-true,15-MX_TIM6_Init-TIM6-false-HAL-true,16-MX_QUADSPI_Init-QUADSPI-false-HAL-true
QUADSPI.ClockPrescaler=2
QUADSPI.IPParameters=ClockPrescaler
RCC.AHBFreq_Value=216000000
RCC.APB1CLKDivider=RCC_HCLK_DIV4
RCC.APB1Freq_Value=54000000
RCC.APB1TimFreq_Value=108000000
RCC.APB2CLKDivider=RCC_HCLK_DIV2
RCC.APB2Freq_Value=108000000
RCC.APB2TimFreq_Value=216000000
RCC.CortexFreq_Value=216000000
RCC.FCLKCortexFreq_Value=216000000
RCC.FamilyName=M
RCC.HCLKFreq_Value=216000000
RCC.HSE_VALUE=25000000
RCC.HSI_VALUE=16000000
RCC.I2C1Freq_Value=54000000
RCC.I2C2Freq_Value=54000000
RCC.I2C3Freq_Value=54000000
RCC.I2SFreq_Value=96000000
RCC.IPParameters=AHBFreq_Value,APB1CLKDivider,APB1Freq_Value,APB1TimFreq_Value,APB2CLKDivider,APB2Freq_Value,APB2TimFreq_Value,CortexFreq_Value,FCLKCortexFreq_Value,FamilyName,HCLKFreq_Value,HSE_VALUE,HSI_VALUE,I2C1Freq_Value,I2C2Freq_Value,I2C3Freq_Value,I2SFreq_Value,LSI_VALUE,MCO1PinFreq_Value,MCO2PinFreq_Value,PLLCLKFreq_Value,PLLI2SQCLKFreq_Value,PLLI2SRCLKFreq_Value,PLLI2SRoutputFreq_Value,PLLM,PLLN,PLLQ,PLLQCLKFreq_Value,PLLQoutputFreq_Value,PLLSAIPCLKFreq_Value,PLLSAIQCLKFreq_Value,PLLSAIoutputFreq_Value,RCC_MCO1Source,RNGFreq_Value,SAI1Freq_Value,SAI2Freq_Value,SDMMCFreq_Value,SYSCLKFreq_VALUE,SYSCLKSource,UART4Freq_Value,UART5Freq_Value,USART1Freq_Value,USART2Freq_Value,USART3Freq_Value,USART6Freq_Value,USBFreq_Value,VCOI2SOutputFreq_Value,VCOInputFreq_Value,VCOOutputFreq_Value,VCOSAIOutputFreq_Value
RCC.LSI_VALUE=32000
RCC.MCO1PinFreq_Value=25000000
RCC.MCO2PinFreq_Value=216000000
RCC.PLLCLKFreq_Value=216000000
RCC.PLLI2SQCLKFreq_Value=96000000
RCC.PLLI2SRCLKFreq_Value=96000000
RCC.PLLI2SRoutputFreq_Value=96000000
RCC.PLLM=25
RCC.PLLN=432
RCC.PLLQ=9
RCC.PLLQCLKFreq_Value=48000000
RCC.PLLQoutputFreq_Value=48000000
RCC.PLLSAIPCLKFreq_Value=96000000
RCC.PLLSAIQCLKFreq_Value=96000000
RCC.PLLSAIoutputFreq_Value=96000000
RCC.RCC_MCO1Source=RCC_MCO1SOURCE_HSE
RCC.RNGFreq_Value=48000000
RCC.SAI1Freq_Value=96000000
RCC.SAI2Freq_Value=96000000
RCC.SDMMCFreq_Value=216000000
RCC.SYSCLKFreq_VALUE=216000000
RCC.SYSCLKSource=RCC_SYSCLKSOURCE_PLLCLK
RCC.UART4Freq_Value=54000000
RCC.UART5Freq_Value=54000000
RCC.USART1Freq_Value=108000000
RCC.USART2Freq_Value=54000000
RCC.USART3Freq_Value=54000000
RCC.USART6Freq_Value=108000000
RCC.USBFreq_Value=48000000
RCC.VCOI2SOutputFreq_Value=192000000
RCC.VCOInputFreq_Value=1000000
RCC.VCOOutputFreq_Value=432000000
RCC.VCOSAIOutputFreq_Value=192000000
SH.ADCx_IN0.0=ADC1_IN0,IN0
SH.ADCx_IN0.ConfNb=1
SH.ADCx_IN1.0=ADC1_IN1,IN1
SH.ADCx_IN1.ConfNb=1
SH.ADCx_IN10.0=ADC3_IN10,IN10
SH.ADCx_IN10.ConfNb=1
SH.ADCx_IN11.0=ADC3_IN11,IN11
SH.ADCx_IN11.ConfNb=1
SH.ADCx_IN12.0=ADC3_IN12,IN12
SH.ADCx_IN12.ConfNb=1
SH.ADCx_IN13.0=ADC3_IN13,IN13
SH.ADCx_IN13.ConfNb=1
SH.ADCx_IN14.0=ADC2_IN14,IN14
SH.ADCx_IN14.ConfNb=1
SH.ADCx_IN2.0=ADC1_IN2,IN2
SH.ADCx_IN2.ConfNb=1
SH.ADCx_IN3.0=ADC1_IN3,IN3
SH.ADCx_IN3.ConfNb=1
SH.ADCx_IN4.0=ADC1_IN4,IN4
SH.ADCx_IN4.ConfNb=1
SH.ADCx_IN5.0=ADC2_IN5,IN5
SH.ADCx_IN5.ConfNb=1
SH.ADCx_IN6.0=ADC2_IN6,IN6
SH.ADCx_IN6.ConfNb=1
SH.ADCx_IN7.0=ADC2_IN7,IN7
SH.ADCx_IN7.ConfNb=1
SH.ADCx_IN8.0=ADC2_IN8,IN8
SH.ADCx_IN8.ConfNb=1
SH.ADCx_IN9.0=ADC2_IN9,IN9
SH.ADCx_IN9.ConfNb=1
SH.GPXTI8.0=GPIO_EXTI8
SH.GPXTI8.ConfNb=1
SPI3.DataSize=SPI_DATASIZE_8BIT
SPI3.Direction=SPI_DIRECTION_2LINES
SPI3.IPParameters=VirtualType,Mode,Direction,DataSize,VirtualNSS
SPI3.Mode=SPI_MODE_SLAVE
SPI3.VirtualNSS=VM_NSSHARD
SPI3.VirtualType=VM_SLAVE
TIM6.AutoReloadPreload=TIM_AUTORELOAD_PRELOAD_ENABLE
TIM6.IPParameters=Period,Prescaler,AutoReloadPreload
TIM6.Period=20000
TIM6.Prescaler=7
USART1.IPParameters=VirtualMode-Asynchronous
USART1.VirtualMode-Asynchronous=VM_ASYNC
USB_DEVICE.CLASS_NAME_FS=CDC
USB_DEVICE.CLASS_NAME_HS=CDC
USB_DEVICE.IPParameters=VirtualMode-CDC_FS,VirtualModeFS,CLASS_NAME_FS,VirtualMode-CDC_HS,VirtualModeHS,CLASS_NAME_HS
USB_DEVICE.VirtualMode-CDC_FS=Cdc
USB_DEVICE.VirtualMode-CDC_HS=Cdc
USB_DEVICE.VirtualModeFS=Cdc_FS
USB_DEVICE.VirtualModeHS=Cdc_HS
USB_OTG_FS.IPParameters=VirtualMode
USB_OTG_FS.VirtualMode=Device_Only
VP_CRC_VS_CRC.Mode=CRC_Activate
VP_CRC_VS_CRC.Signal=CRC_VS_CRC
VP_RTC_VS_RTC_Activate.Mode=RTC_Enabled
VP_RTC_VS_RTC_Activate.Signal=RTC_VS_RTC_Activate
VP_RTC_VS_RTC_Calendar.Mode=RTC_Calendar
VP_RTC_VS_RTC_Calendar.Signal=RTC_VS_RTC_Calendar
VP_SYS_VS_Systick.Mode=SysTick
VP_SYS_VS_Systick.Signal=SYS_VS_Systick
VP_TIM6_VS_ClockSourceINT.Mode=Enable_Timer
VP_TIM6_VS_ClockSourceINT.Signal=TIM6_VS_ClockSourceINT
VP_USB_DEVICE_VS_USB_DEVICE_CDC_FS.Mode=CDC_FS
VP_USB_DEVICE_VS_USB_DEVICE_CDC_FS.Signal=USB_DEVICE_VS_USB_DEVICE_CDC_FS
board=custom
